
Microsoft Visual Studio Solution File, Format Version 12.00
# Visual Studio Version 17
VisualStudioVersion = 17.0.31903.59
MinimumVisualStudioVersion = 10.0.40219.1
Project("{9A19103F-16F7-4668-BE54-9A1E7A4F7556}") = "Model", "Model\Model.csproj", "{0E7E51E9-A27A-4477-8D8A-FC8AE9473F64}"
EndProject
Project("{9A19103F-16F7-4668-BE54-9A1E7A4F7556}") = "Tester", "test\Tester.csproj", "{08523DDC-7CE7-46FE-9C27-DE2FCD65A4A5}"
EndProject
Project("{9A19103F-16F7-4668-BE54-9A1E7A4F7556}") = "RobotPigsMaui", "RobotPigsMaui\RobotPigsMaui.csproj", "{DC619C11-2BB7-4BD1-A9EE-A346B58B64FB}"
EndProject
Global
	GlobalSection(SolutionConfigurationPlatforms) = preSolution
		Debug|Any CPU = Debug|Any CPU
		Release|Any CPU = Release|Any CPU
	EndGlobalSection
	GlobalSection(ProjectConfigurationPlatforms) = postSolution
		{0E7E51E9-A27A-4477-8D8A-FC8AE9473F64}.Debug|Any CPU.ActiveCfg = Debug|Any CPU
		{0E7E51E9-A27A-4477-8D8A-FC8AE9473F64}.Debug|Any CPU.Build.0 = Debug|Any CPU
		{0E7E51E9-A27A-4477-8D8A-FC8AE9473F64}.Release|Any CPU.ActiveCfg = Release|Any CPU
		{0E7E51E9-A27A-4477-8D8A-FC8AE9473F64}.Release|Any CPU.Build.0 = Release|Any CPU
		{08523DDC-7CE7-46FE-9C27-DE2FCD65A4A5}.Debug|Any CPU.ActiveCfg = Debug|Any CPU
		{08523DDC-7CE7-46FE-9C27-DE2FCD65A4A5}.Debug|Any CPU.Build.0 = Debug|Any CPU
		{08523DDC-7CE7-46FE-9C27-DE2FCD65A4A5}.Release|Any CPU.ActiveCfg = Release|Any CPU
		{08523DDC-7CE7-46FE-9C27-DE2FCD65A4A5}.Release|Any CPU.Build.0 = Release|Any CPU
		{DC619C11-2BB7-4BD1-A9EE-A346B58B64FB}.Debug|Any CPU.ActiveCfg = Debug|Any CPU
		{DC619C11-2BB7-4BD1-A9EE-A346B58B64FB}.Debug|Any CPU.Build.0 = Debug|Any CPU
		{DC619C11-2BB7-4BD1-A9EE-A346B58B64FB}.Debug|Any CPU.Deploy.0 = Debug|Any CPU
		{DC619C11-2BB7-4BD1-A9EE-A346B58B64FB}.Release|Any CPU.ActiveCfg = Release|Any CPU
		{DC619C11-2BB7-4BD1-A9EE-A346B58B64FB}.Release|Any CPU.Build.0 = Release|Any CPU
		{DC619C11-2BB7-4BD1-A9EE-A346B58B64FB}.Release|Any CPU.Deploy.0 = Release|Any CPU
	EndGlobalSection
	GlobalSection(SolutionProperties) = preSolution
		HideSolutionNode = FALSE
	EndGlobalSection
	GlobalSection(ExtensibilityGlobals) = postSolution
		SolutionGuid = {412C5A67-BD17-4455-BED0-13DECD2B4F91}
	EndGlobalSection
EndGlobal
