
Microsoft Visual Studio Solution File, Format Version 12.00
# Visual Studio Version 17
VisualStudioVersion = 17.0.31903.59
MinimumVisualStudioVersion = 10.0.40219.1
Project("{9A19103F-16F7-4668-BE54-9A1E7A4F7556}") = "Model", "Model\Model.csproj", "{0E7E51E9-A27A-4477-8D8A-FC8AE9473F64}"
EndProject
Project("{9A19103F-16F7-4668-BE54-9A1E7A4F7556}") = "Tester", "test\Tester.csproj", "{08523DDC-7CE7-46FE-9C27-DE2FCD65A4A5}"
EndProject
Project("{9A19103F-16F7-4668-BE54-9A1E7A4F7556}") = "WPF", "WPF\WPF.csproj", "{B0939A8B-AE85-4EFE-BBA3-09AFCEDEBC23}"
EndProject
Project("{9A19103F-16F7-4668-BE54-9A1E7A4F7556}") = "MAUI", "MAUI\MAUI.csproj", "{54D8F448-DC78-41CB-A177-ED5F5D20B9DF}"
EndProject
Project("{FAE04EC0-301F-11D3-BF4B-00C04F79EFBC}") = "MAUI7", "MAUI7ű\MAUI7.csproj", "{D6C3EEF0-0F62-4192-BA22-E78E355DFE12}"
EndProject
Global
	GlobalSection(SolutionConfigurationPlatforms) = preSolution
		Debug|Any CPU = Debug|Any CPU
		Release|Any CPU = Release|Any CPU
	EndGlobalSection
	GlobalSection(ProjectConfigurationPlatforms) = postSolution
		{0E7E51E9-A27A-4477-8D8A-FC8AE9473F64}.Debug|Any CPU.ActiveCfg = Debug|Any CPU
		{0E7E51E9-A27A-4477-8D8A-FC8AE9473F64}.Debug|Any CPU.Build.0 = Debug|Any CPU
		{0E7E51E9-A27A-4477-8D8A-FC8AE9473F64}.Release|Any CPU.ActiveCfg = Release|Any CPU
		{0E7E51E9-A27A-4477-8D8A-FC8AE9473F64}.Release|Any CPU.Build.0 = Release|Any CPU
		{08523DDC-7CE7-46FE-9C27-DE2FCD65A4A5}.Debug|Any CPU.ActiveCfg = Debug|Any CPU
		{08523DDC-7CE7-46FE-9C27-DE2FCD65A4A5}.Debug|Any CPU.Build.0 = Debug|Any CPU
		{08523DDC-7CE7-46FE-9C27-DE2FCD65A4A5}.Release|Any CPU.ActiveCfg = Release|Any CPU
		{08523DDC-7CE7-46FE-9C27-DE2FCD65A4A5}.Release|Any CPU.Build.0 = Release|Any CPU
		{B0939A8B-AE85-4EFE-BBA3-09AFCEDEBC23}.Debug|Any CPU.ActiveCfg = Debug|Any CPU
		{B0939A8B-AE85-4EFE-BBA3-09AFCEDEBC23}.Debug|Any CPU.Build.0 = Debug|Any CPU
		{B0939A8B-AE85-4EFE-BBA3-09AFCEDEBC23}.Release|Any CPU.ActiveCfg = Release|Any CPU
		{B0939A8B-AE85-4EFE-BBA3-09AFCEDEBC23}.Release|Any CPU.Build.0 = Release|Any CPU
		{54D8F448-DC78-41CB-A177-ED5F5D20B9DF}.Debug|Any CPU.ActiveCfg = Debug|Any CPU
		{54D8F448-DC78-41CB-A177-ED5F5D20B9DF}.Debug|Any CPU.Build.0 = Debug|Any CPU
		{54D8F448-DC78-41CB-A177-ED5F5D20B9DF}.Debug|Any CPU.Deploy.0 = Debug|Any CPU
		{54D8F448-DC78-41CB-A177-ED5F5D20B9DF}.Release|Any CPU.ActiveCfg = Release|Any CPU
		{54D8F448-DC78-41CB-A177-ED5F5D20B9DF}.Release|Any CPU.Build.0 = Release|Any CPU
		{54D8F448-DC78-41CB-A177-ED5F5D20B9DF}.Release|Any CPU.Deploy.0 = Release|Any CPU
		{D6C3EEF0-0F62-4192-BA22-E78E355DFE12}.Debug|Any CPU.ActiveCfg = Debug|Any CPU
		{D6C3EEF0-0F62-4192-BA22-E78E355DFE12}.Debug|Any CPU.Build.0 = Debug|Any CPU
		{D6C3EEF0-0F62-4192-BA22-E78E355DFE12}.Debug|Any CPU.Deploy.0 = Debug|Any CPU
		{D6C3EEF0-0F62-4192-BA22-E78E355DFE12}.Release|Any CPU.ActiveCfg = Release|Any CPU
		{D6C3EEF0-0F62-4192-BA22-E78E355DFE12}.Release|Any CPU.Build.0 = Release|Any CPU
		{D6C3EEF0-0F62-4192-BA22-E78E355DFE12}.Release|Any CPU.Deploy.0 = Release|Any CPU
	EndGlobalSection
	GlobalSection(SolutionProperties) = preSolution
		HideSolutionNode = FALSE
	EndGlobalSection
	GlobalSection(ExtensibilityGlobals) = postSolution
		SolutionGuid = {412C5A67-BD17-4455-BED0-13DECD2B4F91}
	EndGlobalSection
EndGlobal
